
Microsoft Visual Studio Solution File, Format Version 12.00
# Visual Studio Version 17
VisualStudioVersion = 17.5.002.0
MinimumVisualStudioVersion = 10.0.40219.1
Project("{9A19103F-16F7-4668-BE54-9A1E7A4F7556}") = "Highlight Everything Revised", "Highlight Everything Revised.csproj", "{786CA1B8-A30D-4166-AA71-56FC38BF8D5D}"
EndProject
Global
	GlobalSection(SolutionConfigurationPlatforms) = preSolution
		Debug|Any CPU = Debug|Any CPU
		Release|Any CPU = Release|Any CPU
	EndGlobalSection
	GlobalSection(ProjectConfigurationPlatforms) = postSolution
		{786CA1B8-A30D-4166-AA71-56FC38BF8D5D}.Debug|Any CPU.ActiveCfg = Debug|Any CPU
		{786CA1B8-A30D-4166-AA71-56FC38BF8D5D}.Debug|Any CPU.Build.0 = Debug|Any CPU
		{786CA1B8-A30D-4166-AA71-56FC38BF8D5D}.Release|Any CPU.ActiveCfg = Release|Any CPU
		{786CA1B8-A30D-4166-AA71-56FC38BF8D5D}.Release|Any CPU.Build.0 = Release|Any CPU
	EndGlobalSection
	GlobalSection(SolutionProperties) = preSolution
		HideSolutionNode = FALSE
	EndGlobalSection
	GlobalSection(ExtensibilityGlobals) = postSolution
		SolutionGuid = {755BBD02-978E-4D78-BEAA-15307B5781D0}
	EndGlobalSection
EndGlobal
